
Microsoft Visual Studio Solution File, Format Version 12.00
# Visual Studio 14
VisualStudioVersion = 14.0.25420.1
MinimumVisualStudioVersion = 10.0.40219.1
Project("{FAE04EC0-301F-11D3-BF4B-00C04F79EFBC}") = "PowerSwitcher", "PowerSwitcher\PowerSwitcher.csproj", "{1D107D93-2902-4782-9C06-825925C3B39F}"
EndProject
Project("{FAE04EC0-301F-11D3-BF4B-00C04F79EFBC}") = "PowerSwitcher.TrayApp", "PowerSwitcher.TrayApp\PowerSwitcher.TrayApp.csproj", "{72D5D98C-D8E8-4164-889E-645142A10EDD}"
EndProject
Project("{2150E333-8FDC-42A3-9474-1A3956D46DE8}") = "Solution Items", "Solution Items", "{5B372EF5-7A61-4E56-B86E-D4CC811A053A}"
EndProject
Project("{2150E333-8FDC-42A3-9474-1A3956D46DE8}") = "Appx", "Appx", "{8E0616E9-3407-4127-AFEB-EDD34F9D66B5}"
	ProjectSection(SolutionItems) = preProject
		PowerSwitcher.Appx\AppxManifest.xml = PowerSwitcher.Appx\AppxManifest.xml
		PowerSwitcher.Appx\CreateSelfSignCert.bat = PowerSwitcher.Appx\CreateSelfSignCert.bat
		PowerSwitcher.Appx\MappingFile.txt = PowerSwitcher.Appx\MappingFile.txt
		PowerSwitcher.Appx\PackageScript.bat = PowerSwitcher.Appx\PackageScript.bat
	EndProjectSection
EndProject
Project("{2150E333-8FDC-42A3-9474-1A3956D46DE8}") = "Assets", "Assets", "{E432A9F1-7F67-472E-B75D-BBBAAE8980E3}"
	ProjectSection(SolutionItems) = preProject
		PowerSwitcher.Assets\Square150x150Logo.png = PowerSwitcher.Assets\Square150x150Logo.png
		PowerSwitcher.Assets\Square44x44Logo.png = PowerSwitcher.Assets\Square44x44Logo.png
		PowerSwitcher.Assets\StoreLogo.png = PowerSwitcher.Assets\StoreLogo.png
	EndProjectSection
EndProject
Global
	GlobalSection(SolutionConfigurationPlatforms) = preSolution
		Debug|Any CPU = Debug|Any CPU
		Release|Any CPU = Release|Any CPU
		ReleaseAndPackage|Any CPU = ReleaseAndPackage|Any CPU
	EndGlobalSection
	GlobalSection(ProjectConfigurationPlatforms) = postSolution
		{1D107D93-2902-4782-9C06-825925C3B39F}.Debug|Any CPU.ActiveCfg = Debug|Any CPU
		{1D107D93-2902-4782-9C06-825925C3B39F}.Debug|Any CPU.Build.0 = Debug|Any CPU
		{1D107D93-2902-4782-9C06-825925C3B39F}.Release|Any CPU.ActiveCfg = Release|Any CPU
		{1D107D93-2902-4782-9C06-825925C3B39F}.Release|Any CPU.Build.0 = Release|Any CPU
		{1D107D93-2902-4782-9C06-825925C3B39F}.ReleaseAndPackage|Any CPU.ActiveCfg = ReleaseAndPackage|Any CPU
		{1D107D93-2902-4782-9C06-825925C3B39F}.ReleaseAndPackage|Any CPU.Build.0 = ReleaseAndPackage|Any CPU
		{72D5D98C-D8E8-4164-889E-645142A10EDD}.Debug|Any CPU.ActiveCfg = Debug|Any CPU
		{72D5D98C-D8E8-4164-889E-645142A10EDD}.Debug|Any CPU.Build.0 = Debug|Any CPU
		{72D5D98C-D8E8-4164-889E-645142A10EDD}.Release|Any CPU.ActiveCfg = Release|Any CPU
		{72D5D98C-D8E8-4164-889E-645142A10EDD}.Release|Any CPU.Build.0 = Release|Any CPU
		{72D5D98C-D8E8-4164-889E-645142A10EDD}.ReleaseAndPackage|Any CPU.ActiveCfg = ReleaseAndPackage|Any CPU
		{72D5D98C-D8E8-4164-889E-645142A10EDD}.ReleaseAndPackage|Any CPU.Build.0 = ReleaseAndPackage|Any CPU
	EndGlobalSection
	GlobalSection(SolutionProperties) = preSolution
		HideSolutionNode = FALSE
	EndGlobalSection
	GlobalSection(NestedProjects) = preSolution
		{8E0616E9-3407-4127-AFEB-EDD34F9D66B5} = {5B372EF5-7A61-4E56-B86E-D4CC811A053A}
		{E432A9F1-7F67-472E-B75D-BBBAAE8980E3} = {5B372EF5-7A61-4E56-B86E-D4CC811A053A}
	EndGlobalSection
EndGlobal
